github.com/gorilla/mux v1.8.1 h1:TuBL49tXwgrFYWhqrNgrUNEY92u81SPhu7sTdzQEiWY=
github.com/gorilla/mux v1.8.1/go.mod h1:AKf9I4AEqPTmMytcMc0KkNouC66V3BtZ4qD5fmWSiMQ=
go.xyrillian.de/gg v1.10.1 h1:V6oSU+tl25vaRQaMy6Y3jl/0kNoY/a25x4WIk5zQFAw=
go.xyrillian.de/gg v1.10.1/go.mod h1:DoO4fQSWIrBRlNlCjVyrYM0kAEBt/Jg2GkMH+cGRZ0k=
